// !$*UTF8*$!
{
	archiveVersion = 1;
	classes = {
	};
	objectVersion = 50;
	objects = {

/* Begin PBXBuildFile section */
		17381C3421CB2FF2009F0E22 /* RootRouter.swift in Sources */ = {isa = PBXBuildFile; fileRef = 17381C3321CB2FF2009F0E22 /* RootRouter.swift */; };
		17381C3A21CB3142009F0E22 /* TabViewController.swift in Sources */ = {isa = PBXBuildFile; fileRef = 17381C3921CB3142009F0E22 /* TabViewController.swift */; };
		17381C3C21CB319B009F0E22 /* TabViewPresenter.swift in Sources */ = {isa = PBXBuildFile; fileRef = 17381C3B21CB319B009F0E22 /* TabViewPresenter.swift */; };
		17381C3F21CB31C7009F0E22 /* TabContract.swift in Sources */ = {isa = PBXBuildFile; fileRef = 17381C3E21CB31C7009F0E22 /* TabContract.swift */; };
		17381C4121CB3275009F0E22 /* TabRouter.swift in Sources */ = {isa = PBXBuildFile; fileRef = 17381C4021CB3275009F0E22 /* TabRouter.swift */; };
		17381C4E21CB3633009F0E22 /* GitHubClient.swift in Sources */ = {isa = PBXBuildFile; fileRef = 17381C4A21CB3633009F0E22 /* GitHubClient.swift */; };
		17381C5221CB368D009F0E22 /* GitHubClientError.swift in Sources */ = {isa = PBXBuildFile; fileRef = 17381C5021CB368D009F0E22 /* GitHubClientError.swift */; };
		17381C5321CB368D009F0E22 /* GitHubAPIError.swift in Sources */ = {isa = PBXBuildFile; fileRef = 17381C5121CB368D009F0E22 /* GitHubAPIError.swift */; };
		17381C5821CB36C6009F0E22 /* GitHubRequest.swift in Sources */ = {isa = PBXBuildFile; fileRef = 17381C5521CB36C6009F0E22 /* GitHubRequest.swift */; };
		17381C5921CB36C6009F0E22 /* HTTPMethod.swift in Sources */ = {isa = PBXBuildFile; fileRef = 17381C5621CB36C6009F0E22 /* HTTPMethod.swift */; };
		17381C5A21CB36C6009F0E22 /* GitHubAPI.swift in Sources */ = {isa = PBXBuildFile; fileRef = 17381C5721CB36C6009F0E22 /* GitHubAPI.swift */; };
		17381C6021CB374E009F0E22 /* SearchResponse.swift in Sources */ = {isa = PBXBuildFile; fileRef = 17381C5D21CB374D009F0E22 /* SearchResponse.swift */; };
		17381C6121CB374E009F0E22 /* User.swift in Sources */ = {isa = PBXBuildFile; fileRef = 17381C5E21CB374E009F0E22 /* User.swift */; };
		17381C6221CB374E009F0E22 /* Repository.swift in Sources */ = {isa = PBXBuildFile; fileRef = 17381C5F21CB374E009F0E22 /* Repository.swift */; };
		17381C6B21CB3A42009F0E22 /* SearchResultViewController.swift in Sources */ = {isa = PBXBuildFile; fileRef = 17381C6921CB3A42009F0E22 /* SearchResultViewController.swift */; };
		17381C6C21CB3A42009F0E22 /* SearchResultViewController.xib in Resources */ = {isa = PBXBuildFile; fileRef = 17381C6A21CB3A42009F0E22 /* SearchResultViewController.xib */; };
		17381C6E21CB3A80009F0E22 /* SearchResultContract.swift in Sources */ = {isa = PBXBuildFile; fileRef = 17381C6D21CB3A80009F0E22 /* SearchResultContract.swift */; };
		17381C7021CB3B17009F0E22 /* SearchResultViewPresenter.swift in Sources */ = {isa = PBXBuildFile; fileRef = 17381C6F21CB3B17009F0E22 /* SearchResultViewPresenter.swift */; };
		17381C7221CB3B8E009F0E22 /* SearchResultRouter.swift in Sources */ = {isa = PBXBuildFile; fileRef = 17381C7121CB3B8E009F0E22 /* SearchResultRouter.swift */; };
		17381C7A21CB43AC009F0E22 /* DetailViewController.swift in Sources */ = {isa = PBXBuildFile; fileRef = 17381C7821CB43AC009F0E22 /* DetailViewController.swift */; };
		17381C7B21CB43AC009F0E22 /* DetailViewController.xib in Resources */ = {isa = PBXBuildFile; fileRef = 17381C7921CB43AC009F0E22 /* DetailViewController.xib */; };
		17381C7D21CB4587009F0E22 /* DetailViewPresenter.swift in Sources */ = {isa = PBXBuildFile; fileRef = 17381C7C21CB4587009F0E22 /* DetailViewPresenter.swift */; };
		17381C7F21CB45B6009F0E22 /* DetailContract.swift in Sources */ = {isa = PBXBuildFile; fileRef = 17381C7E21CB45B6009F0E22 /* DetailContract.swift */; };
		17381C8221CB475C009F0E22 /* DetailRouter.swift in Sources */ = {isa = PBXBuildFile; fileRef = 17381C8121CB475C009F0E22 /* DetailRouter.swift */; };
		17381C8821CB4D12009F0E22 /* GitHubContract.swift in Sources */ = {isa = PBXBuildFile; fileRef = 17381C8721CB4D12009F0E22 /* GitHubContract.swift */; };
		17381C8A21CB4D1E009F0E22 /* GitHubInteractor.swift in Sources */ = {isa = PBXBuildFile; fileRef = 17381C8921CB4D1E009F0E22 /* GitHubInteractor.swift */; };
		17CE0F6A21CB2E0B001D2092 /* AppDelegate.swift in Sources */ = {isa = PBXBuildFile; fileRef = 17CE0F6921CB2E0B001D2092 /* AppDelegate.swift */; };
		17CE0F7121CB2E0E001D2092 /* Assets.xcassets in Resources */ = {isa = PBXBuildFile; fileRef = 17CE0F7021CB2E0E001D2092 /* Assets.xcassets */; };
		17CE0F7421CB2E0E001D2092 /* LaunchScreen.storyboard in Resources */ = {isa = PBXBuildFile; fileRef = 17CE0F7221CB2E0E001D2092 /* LaunchScreen.storyboard */; };
/* End PBXBuildFile section */

/* Begin PBXFileReference section */
		17381C3321CB2FF2009F0E22 /* RootRouter.swift */ = {isa = PBXFileReference; lastKnownFileType = sourcecode.swift; path = RootRouter.swift; sourceTree = "<group>"; };
		17381C3921CB3142009F0E22 /* TabViewController.swift */ = {isa = PBXFileReference; lastKnownFileType = sourcecode.swift; path = TabViewController.swift; sourceTree = "<group>"; };
		17381C3B21CB319B009F0E22 /* TabViewPresenter.swift */ = {isa = PBXFileReference; lastKnownFileType = sourcecode.swift; path = TabViewPresenter.swift; sourceTree = "<group>"; };
		17381C3E21CB31C7009F0E22 /* TabContract.swift */ = {isa = PBXFileReference; lastKnownFileType = sourcecode.swift; path = TabContract.swift; sourceTree = "<group>"; };
		17381C4021CB3275009F0E22 /* TabRouter.swift */ = {isa = PBXFileReference; lastKnownFileType = sourcecode.swift; path = TabRouter.swift; sourceTree = "<group>"; };
		17381C4A21CB3633009F0E22 /* GitHubClient.swift */ = {isa = PBXFileReference; fileEncoding = 4; lastKnownFileType = sourcecode.swift; path = GitHubClient.swift; sourceTree = "<group>"; };
		17381C5021CB368D009F0E22 /* GitHubClientError.swift */ = {isa = PBXFileReference; fileEncoding = 4; lastKnownFileType = sourcecode.swift; path = GitHubClientError.swift; sourceTree = "<group>"; };
		17381C5121CB368D009F0E22 /* GitHubAPIError.swift */ = {isa = PBXFileReference; fileEncoding = 4; lastKnownFileType = sourcecode.swift; path = GitHubAPIError.swift; sourceTree = "<group>"; };
		17381C5521CB36C6009F0E22 /* GitHubRequest.swift */ = {isa = PBXFileReference; lastKnownFileType = sourcecode.swift; path = GitHubRequest.swift; sourceTree = "<group>"; };
		17381C5621CB36C6009F0E22 /* HTTPMethod.swift */ = {isa = PBXFileReference; lastKnownFileType = sourcecode.swift; path = HTTPMethod.swift; sourceTree = "<group>"; };
		17381C5721CB36C6009F0E22 /* GitHubAPI.swift */ = {isa = PBXFileReference; lastKnownFileType = sourcecode.swift; path = GitHubAPI.swift; sourceTree = "<group>"; };
		17381C5D21CB374D009F0E22 /* SearchResponse.swift */ = {isa = PBXFileReference; fileEncoding = 4; lastKnownFileType = sourcecode.swift; path = SearchResponse.swift; sourceTree = "<group>"; };
		17381C5E21CB374E009F0E22 /* User.swift */ = {isa = PBXFileReference; fileEncoding = 4; lastKnownFileType = sourcecode.swift; path = User.swift; sourceTree = "<group>"; };
		17381C5F21CB374E009F0E22 /* Repository.swift */ = {isa = PBXFileReference; fileEncoding = 4; lastKnownFileType = sourcecode.swift; path = Repository.swift; sourceTree = "<group>"; };
		17381C6921CB3A42009F0E22 /* SearchResultViewController.swift */ = {isa = PBXFileReference; lastKnownFileType = sourcecode.swift; path = SearchResultViewController.swift; sourceTree = "<group>"; };
		17381C6A21CB3A42009F0E22 /* SearchResultViewController.xib */ = {isa = PBXFileReference; lastKnownFileType = file.xib; path = SearchResultViewController.xib; sourceTree = "<group>"; };
		17381C6D21CB3A80009F0E22 /* SearchResultContract.swift */ = {isa = PBXFileReference; lastKnownFileType = sourcecode.swift; path = SearchResultContract.swift; sourceTree = "<group>"; };
		17381C6F21CB3B17009F0E22 /* SearchResultViewPresenter.swift */ = {isa = PBXFileReference; lastKnownFileType = sourcecode.swift; path = SearchResultViewPresenter.swift; sourceTree = "<group>"; };
		17381C7121CB3B8E009F0E22 /* SearchResultRouter.swift */ = {isa = PBXFileReference; lastKnownFileType = sourcecode.swift; path = SearchResultRouter.swift; sourceTree = "<group>"; };
		17381C7821CB43AC009F0E22 /* DetailViewController.swift */ = {isa = PBXFileReference; lastKnownFileType = sourcecode.swift; path = DetailViewController.swift; sourceTree = "<group>"; };
		17381C7921CB43AC009F0E22 /* DetailViewController.xib */ = {isa = PBXFileReference; lastKnownFileType = file.xib; path = DetailViewController.xib; sourceTree = "<group>"; };
		17381C7C21CB4587009F0E22 /* DetailViewPresenter.swift */ = {isa = PBXFileReference; lastKnownFileType = sourcecode.swift; path = DetailViewPresenter.swift; sourceTree = "<group>"; };
		17381C7E21CB45B6009F0E22 /* DetailContract.swift */ = {isa = PBXFileReference; lastKnownFileType = sourcecode.swift; path = DetailContract.swift; sourceTree = "<group>"; };
		17381C8121CB475C009F0E22 /* DetailRouter.swift */ = {isa = PBXFileReference; lastKnownFileType = sourcecode.swift; path = DetailRouter.swift; sourceTree = "<group>"; };
		17381C8721CB4D12009F0E22 /* GitHubContract.swift */ = {isa = PBXFileReference; lastKnownFileType = sourcecode.swift; path = GitHubContract.swift; sourceTree = "<group>"; };
		17381C8921CB4D1E009F0E22 /* GitHubInteractor.swift */ = {isa = PBXFileReference; lastKnownFileType = sourcecode.swift; path = GitHubInteractor.swift; sourceTree = "<group>"; };
		17CE0F6621CB2E0B001D2092 /* master-detail-sample.app */ = {isa = PBXFileReference; explicitFileType = wrapper.application; includeInIndex = 0; path = "master-detail-sample.app"; sourceTree = BUILT_PRODUCTS_DIR; };
		17CE0F6921CB2E0B001D2092 /* AppDelegate.swift */ = {isa = PBXFileReference; lastKnownFileType = sourcecode.swift; path = AppDelegate.swift; sourceTree = "<group>"; };
		17CE0F7021CB2E0E001D2092 /* Assets.xcassets */ = {isa = PBXFileReference; lastKnownFileType = folder.assetcatalog; path = Assets.xcassets; sourceTree = "<group>"; };
		17CE0F7321CB2E0E001D2092 /* Base */ = {isa = PBXFileReference; lastKnownFileType = file.storyboard; name = Base; path = Base.lproj/LaunchScreen.storyboard; sourceTree = "<group>"; };
		17CE0F7521CB2E0E001D2092 /* Info.plist */ = {isa = PBXFileReference; lastKnownFileType = text.plist.xml; path = Info.plist; sourceTree = "<group>"; };
/* End PBXFileReference section */

/* Begin PBXFrameworksBuildPhase section */
		17CE0F6321CB2E0B001D2092 /* Frameworks */ = {
			isa = PBXFrameworksBuildPhase;
			buildActionMask = 2147483647;
			files = (
			);
			runOnlyForDeploymentPostprocessing = 0;
		};
/* End PBXFrameworksBuildPhase section */

/* Begin PBXGroup section */
		17381C2F21CB2F67009F0E22 /* application */ = {
			isa = PBXGroup;
			children = (
				17CE0F6921CB2E0B001D2092 /* AppDelegate.swift */,
				17CE0F7221CB2E0E001D2092 /* LaunchScreen.storyboard */,
				17CE0F7521CB2E0E001D2092 /* Info.plist */,
			);
			path = application;
			sourceTree = "<group>";
		};
		17381C3021CB2F86009F0E22 /* resources */ = {
			isa = PBXGroup;
			children = (
				17CE0F7021CB2E0E001D2092 /* Assets.xcassets */,
			);
			path = resources;
			sourceTree = "<group>";
		};
		17381C3121CB2F98009F0E22 /* modules */ = {
			isa = PBXGroup;
			children = (
				17381C3221CB2FD0009F0E22 /* Root */,
				17381C3521CB310E009F0E22 /* Tab */,
				17381C6421CB39B1009F0E22 /* SearchResult */,
				17381C7321CB433E009F0E22 /* Detail */,
			);
			path = modules;
			sourceTree = "<group>";
		};
		17381C3221CB2FD0009F0E22 /* Root */ = {
			isa = PBXGroup;
			children = (
				17381C3321CB2FF2009F0E22 /* RootRouter.swift */,
			);
			path = Root;
			sourceTree = "<group>";
		};
		17381C3521CB310E009F0E22 /* Tab */ = {
			isa = PBXGroup;
			children = (
				17381C3821CB312D009F0E22 /* view */,
				17381C3721CB3127009F0E22 /* presenter */,
				17381C3621CB3119009F0E22 /* router */,
				17381C3D21CB31B3009F0E22 /* contract */,
			);
			path = Tab;
			sourceTree = "<group>";
		};
		17381C3621CB3119009F0E22 /* router */ = {
			isa = PBXGroup;
			children = (
				17381C4021CB3275009F0E22 /* TabRouter.swift */,
			);
			path = router;
			sourceTree = "<group>";
		};
		17381C3721CB3127009F0E22 /* presenter */ = {
			isa = PBXGroup;
			children = (
				17381C3B21CB319B009F0E22 /* TabViewPresenter.swift */,
			);
			path = presenter;
			sourceTree = "<group>";
		};
		17381C3821CB312D009F0E22 /* view */ = {
			isa = PBXGroup;
			children = (
				17381C3921CB3142009F0E22 /* TabViewController.swift */,
			);
			path = view;
			sourceTree = "<group>";
		};
		17381C3D21CB31B3009F0E22 /* contract */ = {
			isa = PBXGroup;
			children = (
				17381C3E21CB31C7009F0E22 /* TabContract.swift */,
			);
			path = contract;
			sourceTree = "<group>";
		};
		17381C4521CB35B7009F0E22 /* utils */ = {
			isa = PBXGroup;
			children = (
				17381C4621CB35C4009F0E22 /* GitHubClient */,
			);
			path = utils;
			sourceTree = "<group>";
		};
		17381C4621CB35C4009F0E22 /* GitHubClient */ = {
			isa = PBXGroup;
			children = (
				17381C4A21CB3633009F0E22 /* GitHubClient.swift */,
				17381C5421CB36B7009F0E22 /* Request */,
				17381C4F21CB3680009F0E22 /* Error */,
			);
			path = GitHubClient;
			sourceTree = "<group>";
		};
		17381C4F21CB3680009F0E22 /* Error */ = {
			isa = PBXGroup;
			children = (
				17381C5121CB368D009F0E22 /* GitHubAPIError.swift */,
				17381C5021CB368D009F0E22 /* GitHubClientError.swift */,
			);
			path = Error;
			sourceTree = "<group>";
		};
		17381C5421CB36B7009F0E22 /* Request */ = {
			isa = PBXGroup;
			children = (
				17381C5521CB36C6009F0E22 /* GitHubRequest.swift */,
				17381C5621CB36C6009F0E22 /* HTTPMethod.swift */,
				17381C5721CB36C6009F0E22 /* GitHubAPI.swift */,
			);
			path = Request;
			sourceTree = "<group>";
		};
		17381C5B21CB3722009F0E22 /* entities */ = {
			isa = PBXGroup;
			children = (
				17381C5C21CB3731009F0E22 /* GitHub */,
			);
			path = entities;
			sourceTree = "<group>";
		};
		17381C5C21CB3731009F0E22 /* GitHub */ = {
			isa = PBXGroup;
			children = (
				17381C5F21CB374E009F0E22 /* Repository.swift */,
				17381C5E21CB374E009F0E22 /* User.swift */,
				17381C5D21CB374D009F0E22 /* SearchResponse.swift */,
			);
			path = GitHub;
			sourceTree = "<group>";
		};
		17381C6421CB39B1009F0E22 /* SearchResult */ = {
			isa = PBXGroup;
			children = (
				17381C6821CB39F7009F0E22 /* view */,
				17381C6721CB39E4009F0E22 /* presenter */,
				17381C6621CB39DA009F0E22 /* router */,
				17381C6521CB39C9009F0E22 /* contract */,
			);
			path = SearchResult;
			sourceTree = "<group>";
		};
		17381C6521CB39C9009F0E22 /* contract */ = {
			isa = PBXGroup;
			children = (
				17381C6D21CB3A80009F0E22 /* SearchResultContract.swift */,
			);
			path = contract;
			sourceTree = "<group>";
		};
		17381C6621CB39DA009F0E22 /* router */ = {
			isa = PBXGroup;
			children = (
				17381C7121CB3B8E009F0E22 /* SearchResultRouter.swift */,
			);
			path = router;
			sourceTree = "<group>";
		};
		17381C6721CB39E4009F0E22 /* presenter */ = {
			isa = PBXGroup;
			children = (
				17381C6F21CB3B17009F0E22 /* SearchResultViewPresenter.swift */,
			);
			path = presenter;
			sourceTree = "<group>";
		};
		17381C6821CB39F7009F0E22 /* view */ = {
			isa = PBXGroup;
			children = (
				17381C6921CB3A42009F0E22 /* SearchResultViewController.swift */,
				17381C6A21CB3A42009F0E22 /* SearchResultViewController.xib */,
			);
			path = view;
			sourceTree = "<group>";
		};
		17381C7321CB433E009F0E22 /* Detail */ = {
			isa = PBXGroup;
			children = (
				17381C7721CB437A009F0E22 /* view */,
				17381C7621CB4372009F0E22 /* presenter */,
				17381C8021CB467A009F0E22 /* router */,
				17381C7421CB4357009F0E22 /* contract */,
			);
			path = Detail;
			sourceTree = "<group>";
		};
		17381C7421CB4357009F0E22 /* contract */ = {
			isa = PBXGroup;
			children = (
				17381C7E21CB45B6009F0E22 /* DetailContract.swift */,
			);
			path = contract;
			sourceTree = "<group>";
		};
		17381C7621CB4372009F0E22 /* presenter */ = {
			isa = PBXGroup;
			children = (
				17381C7C21CB4587009F0E22 /* DetailViewPresenter.swift */,
			);
			path = presenter;
			sourceTree = "<group>";
		};
		17381C7721CB437A009F0E22 /* view */ = {
			isa = PBXGroup;
			children = (
				17381C7821CB43AC009F0E22 /* DetailViewController.swift */,
				17381C7921CB43AC009F0E22 /* DetailViewController.xib */,
			);
			path = view;
			sourceTree = "<group>";
		};
		17381C8021CB467A009F0E22 /* router */ = {
			isa = PBXGroup;
			children = (
				17381C8121CB475C009F0E22 /* DetailRouter.swift */,
			);
			path = router;
			sourceTree = "<group>";
		};
		17381C8321CB4CB4009F0E22 /* data */ = {
			isa = PBXGroup;
			children = (
				17381C8421CB4CE6009F0E22 /* GitHub */,
			);
			path = data;
			sourceTree = "<group>";
		};
		17381C8421CB4CE6009F0E22 /* GitHub */ = {
			isa = PBXGroup;
			children = (
				17381C8621CB4D01009F0E22 /* interactor */,
				17381C8521CB4CF9009F0E22 /* contract */,
			);
			path = GitHub;
			sourceTree = "<group>";
		};
		17381C8521CB4CF9009F0E22 /* contract */ = {
			isa = PBXGroup;
			children = (
				17381C8721CB4D12009F0E22 /* GitHubContract.swift */,
			);
			path = contract;
			sourceTree = "<group>";
		};
		17381C8621CB4D01009F0E22 /* interactor */ = {
			isa = PBXGroup;
			children = (
				17381C8921CB4D1E009F0E22 /* GitHubInteractor.swift */,
			);
			path = interactor;
			sourceTree = "<group>";
		};
		17CE0F5D21CB2E0B001D2092 = {
			isa = PBXGroup;
			children = (
				17CE0F6821CB2E0B001D2092 /* master-detail-sample */,
				17CE0F6721CB2E0B001D2092 /* Products */,
			);
			sourceTree = "<group>";
		};
		17CE0F6721CB2E0B001D2092 /* Products */ = {
			isa = PBXGroup;
			children = (
				17CE0F6621CB2E0B001D2092 /* master-detail-sample.app */,
			);
			name = Products;
			sourceTree = "<group>";
		};
		17CE0F6821CB2E0B001D2092 /* master-detail-sample */ = {
			isa = PBXGroup;
			children = (
				17381C2F21CB2F67009F0E22 /* application */,
				17381C3121CB2F98009F0E22 /* modules */,
				17381C8321CB4CB4009F0E22 /* data */,
				17381C5B21CB3722009F0E22 /* entities */,
				17381C4521CB35B7009F0E22 /* utils */,
				17381C3021CB2F86009F0E22 /* resources */,
			);
			path = "master-detail-sample";
			sourceTree = "<group>";
		};
/* End PBXGroup section */

/* Begin PBXNativeTarget section */
		17CE0F6521CB2E0B001D2092 /* master-detail-sample */ = {
			isa = PBXNativeTarget;
			buildConfigurationList = 17CE0F7821CB2E0E001D2092 /* Build configuration list for PBXNativeTarget "master-detail-sample" */;
			buildPhases = (
				17CE0F6221CB2E0B001D2092 /* Sources */,
				17CE0F6321CB2E0B001D2092 /* Frameworks */,
				17CE0F6421CB2E0B001D2092 /* Resources */,
			);
			buildRules = (
			);
			dependencies = (
			);
			name = "master-detail-sample";
			productName = "master-detail-sample";
			productReference = 17CE0F6621CB2E0B001D2092 /* master-detail-sample.app */;
			productType = "com.apple.product-type.application";
		};
/* End PBXNativeTarget section */

/* Begin PBXProject section */
		17CE0F5E21CB2E0B001D2092 /* Project object */ = {
			isa = PBXProject;
			attributes = {
				LastSwiftUpdateCheck = 1010;
				LastUpgradeCheck = 1010;
				ORGANIZATIONNAME = hicka04;
				TargetAttributes = {
					17CE0F6521CB2E0B001D2092 = {
						CreatedOnToolsVersion = 10.1;
					};
				};
			};
			buildConfigurationList = 17CE0F6121CB2E0B001D2092 /* Build configuration list for PBXProject "master-detail-sample" */;
			compatibilityVersion = "Xcode 9.3";
			developmentRegion = en;
			hasScannedForEncodings = 0;
			knownRegions = (
				en,
				Base,
			);
			mainGroup = 17CE0F5D21CB2E0B001D2092;
			productRefGroup = 17CE0F6721CB2E0B001D2092 /* Products */;
			projectDirPath = "";
			projectRoot = "";
			targets = (
				17CE0F6521CB2E0B001D2092 /* master-detail-sample */,
			);
		};
/* End PBXProject section */

/* Begin PBXResourcesBuildPhase section */
		17CE0F6421CB2E0B001D2092 /* Resources */ = {
			isa = PBXResourcesBuildPhase;
			buildActionMask = 2147483647;
			files = (
				17381C6C21CB3A42009F0E22 /* SearchResultViewController.xib in Resources */,
				17CE0F7421CB2E0E001D2092 /* LaunchScreen.storyboard in Resources */,
				17CE0F7121CB2E0E001D2092 /* Assets.xcassets in Resources */,
				17381C7B21CB43AC009F0E22 /* DetailViewController.xib in Resources */,
			);
			runOnlyForDeploymentPostprocessing = 0;
		};
/* End PBXResourcesBuildPhase section */

/* Begin PBXSourcesBuildPhase section */
		17CE0F6221CB2E0B001D2092 /* Sources */ = {
			isa = PBXSourcesBuildPhase;
			buildActionMask = 2147483647;
			files = (
				17381C6021CB374E009F0E22 /* SearchResponse.swift in Sources */,
				17381C5221CB368D009F0E22 /* GitHubClientError.swift in Sources */,
				17381C7F21CB45B6009F0E22 /* DetailContract.swift in Sources */,
				17381C3A21CB3142009F0E22 /* TabViewController.swift in Sources */,
				17381C3F21CB31C7009F0E22 /* TabContract.swift in Sources */,
				17381C8A21CB4D1E009F0E22 /* GitHubInteractor.swift in Sources */,
				17381C7021CB3B17009F0E22 /* SearchResultViewPresenter.swift in Sources */,
				17381C6E21CB3A80009F0E22 /* SearchResultContract.swift in Sources */,
				17381C5A21CB36C6009F0E22 /* GitHubAPI.swift in Sources */,
				17381C7A21CB43AC009F0E22 /* DetailViewController.swift in Sources */,
				17381C3421CB2FF2009F0E22 /* RootRouter.swift in Sources */,
				17381C7221CB3B8E009F0E22 /* SearchResultRouter.swift in Sources */,
				17CE0F6A21CB2E0B001D2092 /* AppDelegate.swift in Sources */,
				17381C6121CB374E009F0E22 /* User.swift in Sources */,
				17381C8221CB475C009F0E22 /* DetailRouter.swift in Sources */,
				17381C5321CB368D009F0E22 /* GitHubAPIError.swift in Sources */,
				17381C7D21CB4587009F0E22 /* DetailViewPresenter.swift in Sources */,
				17381C8821CB4D12009F0E22 /* GitHubContract.swift in Sources */,
				17381C4121CB3275009F0E22 /* TabRouter.swift in Sources */,
				17381C6221CB374E009F0E22 /* Repository.swift in Sources */,
				17381C5921CB36C6009F0E22 /* HTTPMethod.swift in Sources */,
				17381C6B21CB3A42009F0E22 /* SearchResultViewController.swift in Sources */,
				17381C3C21CB319B009F0E22 /* TabViewPresenter.swift in Sources */,
				17381C5821CB36C6009F0E22 /* GitHubRequest.swift in Sources */,
				17381C4E21CB3633009F0E22 /* GitHubClient.swift in Sources */,
			);
			runOnlyForDeploymentPostprocessing = 0;
		};
/* End PBXSourcesBuildPhase section */

/* Begin PBXVariantGroup section */
		17CE0F7221CB2E0E001D2092 /* LaunchScreen.storyboard */ = {
			isa = PBXVariantGroup;
			children = (
				17CE0F7321CB2E0E001D2092 /* Base */,
			);
			name = LaunchScreen.storyboard;
			sourceTree = "<group>";
		};
/* End PBXVariantGroup section */

/* Begin XCBuildConfiguration section */
		17CE0F7621CB2E0E001D2092 /* Debug */ = {
			isa = XCBuildConfiguration;
			buildSettings = {
				ALWAYS_SEARCH_USER_PATHS = NO;
				CLANG_ANALYZER_NONNULL = YES;
				CLANG_ANALYZER_NUMBER_OBJECT_CONVERSION = YES_AGGRESSIVE;
				CLANG_CXX_LANGUAGE_STANDARD = "gnu++14";
				CLANG_CXX_LIBRARY = "libc++";
				CLANG_ENABLE_MODULES = YES;
				CLANG_ENABLE_OBJC_ARC = YES;
				CLANG_ENABLE_OBJC_WEAK = YES;
				CLANG_WARN_BLOCK_CAPTURE_AUTORELEASING = YES;
				CLANG_WARN_BOOL_CONVERSION = YES;
				CLANG_WARN_COMMA = YES;
				CLANG_WARN_CONSTANT_CONVERSION = YES;
				CLANG_WARN_DEPRECATED_OBJC_IMPLEMENTATIONS = YES;
				CLANG_WARN_DIRECT_OBJC_ISA_USAGE = YES_ERROR;
				CLANG_WARN_DOCUMENTATION_COMMENTS = YES;
				CLANG_WARN_EMPTY_BODY = YES;
				CLANG_WARN_ENUM_CONVERSION = YES;
				CLANG_WARN_INFINITE_RECURSION = YES;
				CLANG_WARN_INT_CONVERSION = YES;
				CLANG_WARN_NON_LITERAL_NULL_CONVERSION = YES;
				CLANG_WARN_OBJC_IMPLICIT_RETAIN_SELF = YES;
				CLANG_WARN_OBJC_LITERAL_CONVERSION = YES;
				CLANG_WARN_OBJC_ROOT_CLASS = YES_ERROR;
				CLANG_WARN_RANGE_LOOP_ANALYSIS = YES;
				CLANG_WARN_STRICT_PROTOTYPES = YES;
				CLANG_WARN_SUSPICIOUS_MOVE = YES;
				CLANG_WARN_UNGUARDED_AVAILABILITY = YES_AGGRESSIVE;
				CLANG_WARN_UNREACHABLE_CODE = YES;
				CLANG_WARN__DUPLICATE_METHOD_MATCH = YES;
				CODE_SIGN_IDENTITY = "iPhone Developer";
				COPY_PHASE_STRIP = NO;
				DEBUG_INFORMATION_FORMAT = dwarf;
				ENABLE_STRICT_OBJC_MSGSEND = YES;
				ENABLE_TESTABILITY = YES;
				GCC_C_LANGUAGE_STANDARD = gnu11;
				GCC_DYNAMIC_NO_PIC = NO;
				GCC_NO_COMMON_BLOCKS = YES;
				GCC_OPTIMIZATION_LEVEL = 0;
				GCC_PREPROCESSOR_DEFINITIONS = (
					"DEBUG=1",
					"$(inherited)",
				);
				GCC_WARN_64_TO_32_BIT_CONVERSION = YES;
				GCC_WARN_ABOUT_RETURN_TYPE = YES_ERROR;
				GCC_WARN_UNDECLARED_SELECTOR = YES;
				GCC_WARN_UNINITIALIZED_AUTOS = YES_AGGRESSIVE;
				GCC_WARN_UNUSED_FUNCTION = YES;
				GCC_WARN_UNUSED_VARIABLE = YES;
				IPHONEOS_DEPLOYMENT_TARGET = 12.1;
				MTL_ENABLE_DEBUG_INFO = INCLUDE_SOURCE;
				MTL_FAST_MATH = YES;
				ONLY_ACTIVE_ARCH = YES;
				SDKROOT = iphoneos;
				SWIFT_ACTIVE_COMPILATION_CONDITIONS = DEBUG;
				SWIFT_OPTIMIZATION_LEVEL = "-Onone";
			};
			name = Debug;
		};
		17CE0F7721CB2E0E001D2092 /* Release */ = {
			isa = XCBuildConfiguration;
			buildSettings = {
				ALWAYS_SEARCH_USER_PATHS = NO;
				CLANG_ANALYZER_NONNULL = YES;
				CLANG_ANALYZER_NUMBER_OBJECT_CONVERSION = YES_AGGRESSIVE;
				CLANG_CXX_LANGUAGE_STANDARD = "gnu++14";
				CLANG_CXX_LIBRARY = "libc++";
				CLANG_ENABLE_MODULES = YES;
				CLANG_ENABLE_OBJC_ARC = YES;
				CLANG_ENABLE_OBJC_WEAK = YES;
				CLANG_WARN_BLOCK_CAPTURE_AUTORELEASING = YES;
				CLANG_WARN_BOOL_CONVERSION = YES;
				CLANG_WARN_COMMA = YES;
				CLANG_WARN_CONSTANT_CONVERSION = YES;
				CLANG_WARN_DEPRECATED_OBJC_IMPLEMENTATIONS = YES;
				CLANG_WARN_DIRECT_OBJC_ISA_USAGE = YES_ERROR;
				CLANG_WARN_DOCUMENTATION_COMMENTS = YES;
				CLANG_WARN_EMPTY_BODY = YES;
				CLANG_WARN_ENUM_CONVERSION = YES;
				CLANG_WARN_INFINITE_RECURSION = YES;
				CLANG_WARN_INT_CONVERSION = YES;
				CLANG_WARN_NON_LITERAL_NULL_CONVERSION = YES;
				CLANG_WARN_OBJC_IMPLICIT_RETAIN_SELF = YES;
				CLANG_WARN_OBJC_LITERAL_CONVERSION = YES;
				CLANG_WARN_OBJC_ROOT_CLASS = YES_ERROR;
				CLANG_WARN_RANGE_LOOP_ANALYSIS = YES;
				CLANG_WARN_STRICT_PROTOTYPES = YES;
				CLANG_WARN_SUSPICIOUS_MOVE = YES;
				CLANG_WARN_UNGUARDED_AVAILABILITY = YES_AGGRESSIVE;
				CLANG_WARN_UNREACHABLE_CODE = YES;
				CLANG_WARN__DUPLICATE_METHOD_MATCH = YES;
				CODE_SIGN_IDENTITY = "iPhone Developer";
				COPY_PHASE_STRIP = NO;
				DEBUG_INFORMATION_FORMAT = "dwarf-with-dsym";
				ENABLE_NS_ASSERTIONS = NO;
				ENABLE_STRICT_OBJC_MSGSEND = YES;
				GCC_C_LANGUAGE_STANDARD = gnu11;
				GCC_NO_COMMON_BLOCKS = YES;
				GCC_WARN_64_TO_32_BIT_CONVERSION = YES;
				GCC_WARN_ABOUT_RETURN_TYPE = YES_ERROR;
				GCC_WARN_UNDECLARED_SELECTOR = YES;
				GCC_WARN_UNINITIALIZED_AUTOS = YES_AGGRESSIVE;
				GCC_WARN_UNUSED_FUNCTION = YES;
				GCC_WARN_UNUSED_VARIABLE = YES;
				IPHONEOS_DEPLOYMENT_TARGET = 12.1;
				MTL_ENABLE_DEBUG_INFO = NO;
				MTL_FAST_MATH = YES;
				SDKROOT = iphoneos;
				SWIFT_COMPILATION_MODE = wholemodule;
				SWIFT_OPTIMIZATION_LEVEL = "-O";
				VALIDATE_PRODUCT = YES;
			};
			name = Release;
		};
		17CE0F7921CB2E0E001D2092 /* Debug */ = {
			isa = XCBuildConfiguration;
			buildSettings = {
				ASSETCATALOG_COMPILER_APPICON_NAME = AppIcon;
				CODE_SIGN_STYLE = Automatic;
				DEVELOPMENT_TEAM = 8RYHZQ93KG;
				INFOPLIST_FILE = "master-detail-sample/application/Info.plist";
				IPHONEOS_DEPLOYMENT_TARGET = 11.0;
				LD_RUNPATH_SEARCH_PATHS = (
					"$(inherited)",
					"@executable_path/Frameworks",
				);
				PRODUCT_BUNDLE_IDENTIFIER = "com.hicka04.master-detail-sample";
				PRODUCT_NAME = "$(TARGET_NAME)";
				SWIFT_VERSION = 4.2;
				TARGETED_DEVICE_FAMILY = "1,2";
			};
			name = Debug;
		};
		17CE0F7A21CB2E0E001D2092 /* Release */ = {
			isa = XCBuildConfiguration;
			buildSettings = {
				ASSETCATALOG_COMPILER_APPICON_NAME = AppIcon;
				CODE_SIGN_STYLE = Automatic;
				DEVELOPMENT_TEAM = 8RYHZQ93KG;
				INFOPLIST_FILE = "master-detail-sample/application/Info.plist";
				IPHONEOS_DEPLOYMENT_TARGET = 11.0;
				LD_RUNPATH_SEARCH_PATHS = (
					"$(inherited)",
					"@executable_path/Frameworks",
				);
				PRODUCT_BUNDLE_IDENTIFIER = "com.hicka04.master-detail-sample";
				PRODUCT_NAME = "$(TARGET_NAME)";
				SWIFT_VERSION = 4.2;
				TARGETED_DEVICE_FAMILY = "1,2";
			};
			name = Release;
		};
/* End XCBuildConfiguration section */

/* Begin XCConfigurationList section */
		17CE0F6121CB2E0B001D2092 /* Build configuration list for PBXProject "master-detail-sample" */ = {
			isa = XCConfigurationList;
			buildConfigurations = (
				17CE0F7621CB2E0E001D2092 /* Debug */,
				17CE0F7721CB2E0E001D2092 /* Release */,
			);
			defaultConfigurationIsVisible = 0;
			defaultConfigurationName = Release;
		};
		17CE0F7821CB2E0E001D2092 /* Build configuration list for PBXNativeTarget "master-detail-sample" */ = {
			isa = XCConfigurationList;
			buildConfigurations = (
				17CE0F7921CB2E0E001D2092 /* Debug */,
				17CE0F7A21CB2E0E001D2092 /* Release */,
			);
			defaultConfigurationIsVisible = 0;
			defaultConfigurationName = Release;
		};
/* End XCConfigurationList section */
	};
	rootObject = 17CE0F5E21CB2E0B001D2092 /* Project object */;
}
